{
  "name": "ags",
  "lockfileVersion": 3,
  "requires": true,
  "packages": {
    "": {
      "dependencies": {
        "ags": "github:aylur/ags",
        "gnim": "latest"
      }
    },
    "node_modules/ags": {
      "version": "3.0.0",
      "resolved": "git+ssh://git@github.com/aylur/ags.git#0603f8242f054127eb49ed3f7d9eee5c1d4b5559",
      "license": "LGPL-2.1",
      "os": [
        "linux"
      ],
      "engines": {
        "gjs": ">=1.79.0"
      },
      "funding": {
        "type": "kofi",
        "url": "https://ko-fi.com/aylur"
      },
      "peerDependencies": {
        "gnim": "^1.5.5"
      }
    },
    "node_modules/gnim": {
      "version": "1.6.3",
      "resolved": "https://registry.npmjs.org/gnim/-/gnim-1.6.3.tgz",
      "integrity": "sha512-+R80E3N0C+9hxFZVqRuENLOm0Nnt77MVoxXz8ohYE1BcHRHEVSiFjl2H1t7rW8DEUCATnC7QDh/nh//yZFeUYg==",
      "license": "MIT",
      "engines": {
        "gjs": ">=1.79.0"
      },
      "funding": {
        "type": "kofi",
        "url": "https://ko-fi.com/aylur"
      }
    }
  }
}
